
Microsoft Visual Studio Solution File, Format Version 12.00
# Visual Studio Version 17
VisualStudioVersion = 17.8.34322.80
MinimumVisualStudioVersion = 10.0.40219.1
Project("{9A19103F-16F7-4668-BE54-9A1E7A4F7556}") = "MultiTenantDbContext", "MultiTenantDbContext\MultiTenantDbContext\MultiTenantDbContext.csproj", "{07B1E40F-D7CB-4B6E-94F4-CFFE3E62BE09}"
EndProject
Project("{9A19103F-16F7-4668-BE54-9A1E7A4F7556}") = "MultiTenantDbContext.Client", "MultiTenantDbContext\MultiTenantDbContext.Client\MultiTenantDbContext.Client.csproj", "{56B7A74D-4B84-4568-9234-45E9B212F106}"
EndProject
Project("{2150E333-8FDC-42A3-9474-1A3956D46DE8}") = "Solution Items", "Solution Items", "{77A5C4F3-597E-483A-AD9B-9C72470F8225}"
	ProjectSection(SolutionItems) = preProject
		.editorconfig = .editorconfig
		LICENSE.txt = LICENSE.txt
		README.md = README.md
	EndProjectSection
EndProject
Global
	GlobalSection(SolutionConfigurationPlatforms) = preSolution
		Debug|Any CPU = Debug|Any CPU
		Release|Any CPU = Release|Any CPU
	EndGlobalSection
	GlobalSection(ProjectConfigurationPlatforms) = postSolution
		{07B1E40F-D7CB-4B6E-94F4-CFFE3E62BE09}.Debug|Any CPU.ActiveCfg = Debug|Any CPU
		{07B1E40F-D7CB-4B6E-94F4-CFFE3E62BE09}.Debug|Any CPU.Build.0 = Debug|Any CPU
		{07B1E40F-D7CB-4B6E-94F4-CFFE3E62BE09}.Release|Any CPU.ActiveCfg = Release|Any CPU
		{07B1E40F-D7CB-4B6E-94F4-CFFE3E62BE09}.Release|Any CPU.Build.0 = Release|Any CPU
		{56B7A74D-4B84-4568-9234-45E9B212F106}.Debug|Any CPU.ActiveCfg = Debug|Any CPU
		{56B7A74D-4B84-4568-9234-45E9B212F106}.Debug|Any CPU.Build.0 = Debug|Any CPU
		{56B7A74D-4B84-4568-9234-45E9B212F106}.Release|Any CPU.ActiveCfg = Release|Any CPU
		{56B7A74D-4B84-4568-9234-45E9B212F106}.Release|Any CPU.Build.0 = Release|Any CPU
	EndGlobalSection
	GlobalSection(SolutionProperties) = preSolution
		HideSolutionNode = FALSE
	EndGlobalSection
	GlobalSection(ExtensibilityGlobals) = postSolution
		SolutionGuid = {7FA3B819-BB9C-43FC-84D5-4C686864AB1E}
	EndGlobalSection
EndGlobal
